// !$*UTF8*$!
{
	archiveVersion = 1;
	classes = {
	};
	objectVersion = 46;
	objects = {

/* Begin PBXBuildFile section */
		F527C87B1F2B71930069BCFB /* AppDelegate.swift in Sources */ = {isa = PBXBuildFile; fileRef = F527C87A1F2B71930069BCFB /* AppDelegate.swift */; };
		F527C8801F2B71930069BCFB /* Main.storyboard in Resources */ = {isa = PBXBuildFile; fileRef = F527C87E1F2B71930069BCFB /* Main.storyboard */; };
		F527C8831F2B71940069BCFB /* Img.xcdatamodeld in Sources */ = {isa = PBXBuildFile; fileRef = F527C8811F2B71940069BCFB /* Img.xcdatamodeld */; };
		F527C8851F2B71940069BCFB /* Assets.xcassets in Resources */ = {isa = PBXBuildFile; fileRef = F527C8841F2B71940069BCFB /* Assets.xcassets */; };
		F527C8881F2B71940069BCFB /* LaunchScreen.storyboard in Resources */ = {isa = PBXBuildFile; fileRef = F527C8861F2B71940069BCFB /* LaunchScreen.storyboard */; };
		F527C8901F2B72710069BCFB /* TableViewController.swift in Sources */ = {isa = PBXBuildFile; fileRef = F527C88F1F2B72710069BCFB /* TableViewController.swift */; };
		F527C8921F2B74A20069BCFB /* TableViewCell.swift in Sources */ = {isa = PBXBuildFile; fileRef = F527C8911F2B74A20069BCFB /* TableViewCell.swift */; };
/* End PBXBuildFile section */

/* Begin PBXFileReference section */
		F527C8771F2B71920069BCFB /* Img.app */ = {isa = PBXFileReference; explicitFileType = wrapper.application; includeInIndex = 0; path = Img.app; sourceTree = BUILT_PRODUCTS_DIR; };
		F527C87A1F2B71930069BCFB /* AppDelegate.swift */ = {isa = PBXFileReference; lastKnownFileType = sourcecode.swift; path = AppDelegate.swift; sourceTree = "<group>"; };
		F527C87F1F2B71930069BCFB /* Base */ = {isa = PBXFileReference; lastKnownFileType = file.storyboard; name = Base; path = Base.lproj/Main.storyboard; sourceTree = "<group>"; };
		F527C8821F2B71940069BCFB /* Img.xcdatamodel */ = {isa = PBXFileReference; lastKnownFileType = wrapper.xcdatamodel; path = Img.xcdatamodel; sourceTree = "<group>"; };
		F527C8841F2B71940069BCFB /* Assets.xcassets */ = {isa = PBXFileReference; lastKnownFileType = folder.assetcatalog; path = Assets.xcassets; sourceTree = "<group>"; };
		F527C8871F2B71940069BCFB /* Base */ = {isa = PBXFileReference; lastKnownFileType = file.storyboard; name = Base; path = Base.lproj/LaunchScreen.storyboard; sourceTree = "<group>"; };
		F527C8891F2B71940069BCFB /* Info.plist */ = {isa = PBXFileReference; lastKnownFileType = text.plist.xml; path = Info.plist; sourceTree = "<group>"; };
		F527C88F1F2B72710069BCFB /* TableViewController.swift */ = {isa = PBXFileReference; fileEncoding = 4; lastKnownFileType = sourcecode.swift; path = TableViewController.swift; sourceTree = "<group>"; };
		F527C8911F2B74A20069BCFB /* TableViewCell.swift */ = {isa = PBXFileReference; fileEncoding = 4; lastKnownFileType = sourcecode.swift; path = TableViewCell.swift; sourceTree = "<group>"; };
/* End PBXFileReference section */

/* Begin PBXFrameworksBuildPhase section */
		F527C8741F2B71920069BCFB /* Frameworks */ = {
			isa = PBXFrameworksBuildPhase;
			buildActionMask = 2147483647;
			files = (
			);
			runOnlyForDeploymentPostprocessing = 0;
		};
/* End PBXFrameworksBuildPhase section */

/* Begin PBXGroup section */
		F527C86E1F2B71910069BCFB = {
			isa = PBXGroup;
			children = (
				F527C8791F2B71920069BCFB /* Img */,
				F527C8781F2B71920069BCFB /* Products */,
			);
			sourceTree = "<group>";
		};
		F527C8781F2B71920069BCFB /* Products */ = {
			isa = PBXGroup;
			children = (
				F527C8771F2B71920069BCFB /* Img.app */,
			);
			name = Products;
			sourceTree = "<group>";
		};
		F527C8791F2B71920069BCFB /* Img */ = {
			isa = PBXGroup;
			children = (
				F527C87A1F2B71930069BCFB /* AppDelegate.swift */,
				F527C87E1F2B71930069BCFB /* Main.storyboard */,
				F527C88F1F2B72710069BCFB /* TableViewController.swift */,
				F527C8911F2B74A20069BCFB /* TableViewCell.swift */,
				F527C8841F2B71940069BCFB /* Assets.xcassets */,
				F527C8861F2B71940069BCFB /* LaunchScreen.storyboard */,
				F527C8891F2B71940069BCFB /* Info.plist */,
				F527C8811F2B71940069BCFB /* Img.xcdatamodeld */,
			);
			path = Img;
			sourceTree = "<group>";
		};
/* End PBXGroup section */

/* Begin PBXNativeTarget section */
		F527C8761F2B71920069BCFB /* Img */ = {
			isa = PBXNativeTarget;
			buildConfigurationList = F527C88C1F2B71940069BCFB /* Build configuration list for PBXNativeTarget "Img" */;
			buildPhases = (
				F527C8731F2B71920069BCFB /* Sources */,
				F527C8741F2B71920069BCFB /* Frameworks */,
				F527C8751F2B71920069BCFB /* Resources */,
			);
			buildRules = (
			);
			dependencies = (
			);
			name = Img;
			productName = Img;
			productReference = F527C8771F2B71920069BCFB /* Img.app */;
			productType = "com.apple.product-type.application";
		};
/* End PBXNativeTarget section */

/* Begin PBXProject section */
		F527C86F1F2B71920069BCFB /* Project object */ = {
			isa = PBXProject;
			attributes = {
				LastSwiftUpdateCheck = 0830;
				LastUpgradeCheck = 0830;
				ORGANIZATIONNAME = Vlad;
				TargetAttributes = {
					F527C8761F2B71920069BCFB = {
						CreatedOnToolsVersion = 8.3.3;
						DevelopmentTeam = 8V49DEKY9K;
						ProvisioningStyle = Automatic;
					};
				};
			};
			buildConfigurationList = F527C8721F2B71920069BCFB /* Build configuration list for PBXProject "Img" */;
			compatibilityVersion = "Xcode 3.2";
			developmentRegion = English;
			hasScannedForEncodings = 0;
			knownRegions = (
				en,
				Base,
			);
			mainGroup = F527C86E1F2B71910069BCFB;
			productRefGroup = F527C8781F2B71920069BCFB /* Products */;
			projectDirPath = "";
			projectRoot = "";
			targets = (
				F527C8761F2B71920069BCFB /* Img */,
			);
		};
/* End PBXProject section */

/* Begin PBXResourcesBuildPhase section */
		F527C8751F2B71920069BCFB /* Resources */ = {
			isa = PBXResourcesBuildPhase;
			buildActionMask = 2147483647;
			files = (
				F527C8881F2B71940069BCFB /* LaunchScreen.storyboard in Resources */,
				F527C8851F2B71940069BCFB /* Assets.xcassets in Resources */,
				F527C8801F2B71930069BCFB /* Main.storyboard in Resources */,
			);
			runOnlyForDeploymentPostprocessing = 0;
		};
/* End PBXResourcesBuildPhase section */

/* Begin PBXSourcesBuildPhase section */
		F527C8731F2B71920069BCFB /* Sources */ = {
			isa = PBXSourcesBuildPhase;
			buildActionMask = 2147483647;
			files = (
				F527C87B1F2B71930069BCFB /* AppDelegate.swift in Sources */,
				F527C8921F2B74A20069BCFB /* TableViewCell.swift in Sources */,
				F527C8901F2B72710069BCFB /* TableViewController.swift in Sources */,
				F527C8831F2B71940069BCFB /* Img.xcdatamodeld in Sources */,
			);
			runOnlyForDeploymentPostprocessing = 0;
		};
/* End PBXSourcesBuildPhase section */

/* Begin PBXVariantGroup section */
		F527C87E1F2B71930069BCFB /* Main.storyboard */ = {
			isa = PBXVariantGroup;
			children = (
				F527C87F1F2B71930069BCFB /* Base */,
			);
			name = Main.storyboard;
			sourceTree = "<group>";
		};
		F527C8861F2B71940069BCFB /* LaunchScreen.storyboard */ = {
			isa = PBXVariantGroup;
			children = (
				F527C8871F2B71940069BCFB /* Base */,
			);
			name = LaunchScreen.storyboard;
			sourceTree = "<group>";
		};
/* End PBXVariantGroup section */

/* Begin XCBuildConfiguration section */
		F527C88A1F2B71940069BCFB /* Debug */ = {
			isa = XCBuildConfiguration;
			buildSettings = {
				ALWAYS_SEARCH_USER_PATHS = NO;
				CLANG_ANALYZER_NONNULL = YES;
				CLANG_ANALYZER_NUMBER_OBJECT_CONVERSION = YES_AGGRESSIVE;
				CLANG_CXX_LANGUAGE_STANDARD = "gnu++0x";
				CLANG_CXX_LIBRARY = "libc++";
				CLANG_ENABLE_MODULES = YES;
				CLANG_ENABLE_OBJC_ARC = YES;
				CLANG_WARN_BOOL_CONVERSION = YES;
				CLANG_WARN_CONSTANT_CONVERSION = YES;
				CLANG_WARN_DIRECT_OBJC_ISA_USAGE = YES_ERROR;
				CLANG_WARN_DOCUMENTATION_COMMENTS = YES;
				CLANG_WARN_EMPTY_BODY = YES;
				CLANG_WARN_ENUM_CONVERSION = YES;
				CLANG_WARN_INFINITE_RECURSION = YES;
				CLANG_WARN_INT_CONVERSION = YES;
				CLANG_WARN_OBJC_ROOT_CLASS = YES_ERROR;
				CLANG_WARN_SUSPICIOUS_MOVE = YES;
				CLANG_WARN_UNREACHABLE_CODE = YES;
				CLANG_WARN__DUPLICATE_METHOD_MATCH = YES;
				"CODE_SIGN_IDENTITY[sdk=iphoneos*]" = "iPhone Developer";
				COPY_PHASE_STRIP = NO;
				DEBUG_INFORMATION_FORMAT = dwarf;
				ENABLE_STRICT_OBJC_MSGSEND = YES;
				ENABLE_TESTABILITY = YES;
				GCC_C_LANGUAGE_STANDARD = gnu99;
				GCC_DYNAMIC_NO_PIC = NO;
				GCC_NO_COMMON_BLOCKS = YES;
				GCC_OPTIMIZATION_LEVEL = 0;
				GCC_PREPROCESSOR_DEFINITIONS = (
					"DEBUG=1",
					"$(inherited)",
				);
				GCC_WARN_64_TO_32_BIT_CONVERSION = YES;
				GCC_WARN_ABOUT_RETURN_TYPE = YES_ERROR;
				GCC_WARN_UNDECLARED_SELECTOR = YES;
				GCC_WARN_UNINITIALIZED_AUTOS = YES_AGGRESSIVE;
				GCC_WARN_UNUSED_FUNCTION = YES;
				GCC_WARN_UNUSED_VARIABLE = YES;
				IPHONEOS_DEPLOYMENT_TARGET = 10.3;
				MTL_ENABLE_DEBUG_INFO = YES;
				ONLY_ACTIVE_ARCH = YES;
				SDKROOT = iphoneos;
				SWIFT_ACTIVE_COMPILATION_CONDITIONS = DEBUG;
				SWIFT_OPTIMIZATION_LEVEL = "-Onone";
			};
			name = Debug;
		};
		F527C88B1F2B71940069BCFB /* Release */ = {
			isa = XCBuildConfiguration;
			buildSettings = {
				ALWAYS_SEARCH_USER_PATHS = NO;
				CLANG_ANALYZER_NONNULL = YES;
				CLANG_ANALYZER_NUMBER_OBJECT_CONVERSION = YES_AGGRESSIVE;
				CLANG_CXX_LANGUAGE_STANDARD = "gnu++0x";
				CLANG_CXX_LIBRARY = "libc++";
				CLANG_ENABLE_MODULES = YES;
				CLANG_ENABLE_OBJC_ARC = YES;
				CLANG_WARN_BOOL_CONVERSION = YES;
				CLANG_WARN_CONSTANT_CONVERSION = YES;
				CLANG_WARN_DIRECT_OBJC_ISA_USAGE = YES_ERROR;
				CLANG_WARN_DOCUMENTATION_COMMENTS = YES;
				CLANG_WARN_EMPTY_BODY = YES;
				CLANG_WARN_ENUM_CONVERSION = YES;
				CLANG_WARN_INFINITE_RECURSION = YES;
				CLANG_WARN_INT_CONVERSION = YES;
				CLANG_WARN_OBJC_ROOT_CLASS = YES_ERROR;
				CLANG_WARN_SUSPICIOUS_MOVE = YES;
				CLANG_WARN_UNREACHABLE_CODE = YES;
				CLANG_WARN__DUPLICATE_METHOD_MATCH = YES;
				"CODE_SIGN_IDENTITY[sdk=iphoneos*]" = "iPhone Developer";
				COPY_PHASE_STRIP = NO;
				DEBUG_INFORMATION_FORMAT = "dwarf-with-dsym";
				ENABLE_NS_ASSERTIONS = NO;
				ENABLE_STRICT_OBJC_MSGSEND = YES;
				GCC_C_LANGUAGE_STANDARD = gnu99;
				GCC_NO_COMMON_BLOCKS = YES;
				GCC_WARN_64_TO_32_BIT_CONVERSION = YES;
				GCC_WARN_ABOUT_RETURN_TYPE = YES_ERROR;
				GCC_WARN_UNDECLARED_SELECTOR = YES;
				GCC_WARN_UNINITIALIZED_AUTOS = YES_AGGRESSIVE;
				GCC_WARN_UNUSED_FUNCTION = YES;
				GCC_WARN_UNUSED_VARIABLE = YES;
				IPHONEOS_DEPLOYMENT_TARGET = 10.3;
				MTL_ENABLE_DEBUG_INFO = NO;
				SDKROOT = iphoneos;
				SWIFT_OPTIMIZATION_LEVEL = "-Owholemodule";
				VALIDATE_PRODUCT = YES;
			};
			name = Release;
		};
		F527C88D1F2B71940069BCFB /* Debug */ = {
			isa = XCBuildConfiguration;
			buildSettings = {
				ASSETCATALOG_COMPILER_APPICON_NAME = AppIcon;
				DEVELOPMENT_TEAM = 8V49DEKY9K;
				INFOPLIST_FILE = Img/Info.plist;
				LD_RUNPATH_SEARCH_PATHS = "$(inherited) @executable_path/Frameworks";
				PRODUCT_BUNDLE_IDENTIFIER = com.vlad.Img;
				PRODUCT_NAME = "$(TARGET_NAME)";
				SWIFT_VERSION = 3.0;
			};
			name = Debug;
		};
		F527C88E1F2B71940069BCFB /* Release */ = {
			isa = XCBuildConfiguration;
			buildSettings = {
				ASSETCATALOG_COMPILER_APPICON_NAME = AppIcon;
				DEVELOPMENT_TEAM = 8V49DEKY9K;
				INFOPLIST_FILE = Img/Info.plist;
				LD_RUNPATH_SEARCH_PATHS = "$(inherited) @executable_path/Frameworks";
				PRODUCT_BUNDLE_IDENTIFIER = com.vlad.Img;
				PRODUCT_NAME = "$(TARGET_NAME)";
				SWIFT_VERSION = 3.0;
			};
			name = Release;
		};
/* End XCBuildConfiguration section */

/* Begin XCConfigurationList section */
		F527C8721F2B71920069BCFB /* Build configuration list for PBXProject "Img" */ = {
			isa = XCConfigurationList;
			buildConfigurations = (
				F527C88A1F2B71940069BCFB /* Debug */,
				F527C88B1F2B71940069BCFB /* Release */,
			);
			defaultConfigurationIsVisible = 0;
			defaultConfigurationName = Release;
		};
		F527C88C1F2B71940069BCFB /* Build configuration list for PBXNativeTarget "Img" */ = {
			isa = XCConfigurationList;
			buildConfigurations = (
				F527C88D1F2B71940069BCFB /* Debug */,
				F527C88E1F2B71940069BCFB /* Release */,
			);
			defaultConfigurationIsVisible = 0;
		};
/* End XCConfigurationList section */

/* Begin XCVersionGroup section */
		F527C8811F2B71940069BCFB /* Img.xcdatamodeld */ = {
			isa = XCVersionGroup;
			children = (
				F527C8821F2B71940069BCFB /* Img.xcdatamodel */,
			);
			currentVersion = F527C8821F2B71940069BCFB /* Img.xcdatamodel */;
			path = Img.xcdatamodeld;
			sourceTree = "<group>";
			versionGroupType = wrapper.xcdatamodel;
		};
/* End XCVersionGroup section */
	};
	rootObject = F527C86F1F2B71920069BCFB /* Project object */;
}
